
Microsoft Visual Studio Solution File, Format Version 12.00
Project("{FAE04EC0-301F-11D3-BF4B-00C04F79EFBC}") = "src", "src\src.csproj", "{52CFC32B-5AB4-4255-BDC4-785663BADABF}"
EndProject
Global
	GlobalSection(SolutionConfigurationPlatforms) = preSolution
		Debug|Any CPU = Debug|Any CPU
		Release|Any CPU = Release|Any CPU
	EndGlobalSection
	GlobalSection(ProjectConfigurationPlatforms) = postSolution
		{52CFC32B-5AB4-4255-BDC4-785663BADABF}.Debug|Any CPU.ActiveCfg = Debug|Any CPU
		{52CFC32B-5AB4-4255-BDC4-785663BADABF}.Debug|Any CPU.Build.0 = Debug|Any CPU
		{52CFC32B-5AB4-4255-BDC4-785663BADABF}.Release|Any CPU.ActiveCfg = Release|Any CPU
		{52CFC32B-5AB4-4255-BDC4-785663BADABF}.Release|Any CPU.Build.0 = Release|Any CPU
	EndGlobalSection
EndGlobal
